PODS:
  - ffmpeg-kit-macos-full (5.1)
  - ffmpeg_kit_flutter_full (5.1.0):
    - ffmpeg_kit_flutter_full/full (= 5.1.0)
    - FlutterMacOS
  - ffmpeg_kit_flutter_full/full (5.1.0):
    - ffmpeg-kit-macos-full (= 5.1)
    - FlutterMacOS
  - FlutterMacOS (1.0.0)
  - path_provider_macos (0.0.1):
    - FlutterMacOS
  - shared_preferences_macos (0.0.1):
    - FlutterMacOS
  - url_launcher_macos (0.0.1):
    - FlutterMacOS
  - window_size (0.0.2):
    - FlutterMacOS

DEPENDENCIES:
  - ffmpeg_kit_flutter_full (from `Flutter/ephemeral/.symlinks/plugins/ffmpeg_kit_flutter_full/macos`)
  - FlutterMacOS (from `Flutter/ephemeral`)
  - path_provider_macos (from `Flutter/ephemeral/.symlinks/plugins/path_provider_macos/macos`)
  - shared_preferences_macos (from `Flutter/ephemeral/.symlinks/plugins/shared_preferences_macos/macos`)
  - url_launcher_macos (from `Flutter/ephemeral/.symlinks/plugins/url_launcher_macos/macos`)
  - window_size (from `Flutter/ephemeral/.symlinks/plugins/window_size/macos`)

SPEC REPOS:
  trunk:
    - ffmpeg-kit-macos-full

EXTERNAL SOURCES:
  ffmpeg_kit_flutter_full:
    :path: Flutter/ephemeral/.symlinks/plugins/ffmpeg_kit_flutter_full/macos
  FlutterMacOS:
    :path: Flutter/ephemeral
  path_provider_macos:
    :path: Flutter/ephemeral/.symlinks/plugins/path_provider_macos/macos
  shared_preferences_macos:
    :path: Flutter/ephemeral/.symlinks/plugins/shared_preferences_macos/macos
  url_launcher_macos:
    :path: Flutter/ephemeral/.symlinks/plugins/url_launcher_macos/macos
  window_size:
    :path: Flutter/ephemeral/.symlinks/plugins/window_size/macos

SPEC CHECKSUMS:
  ffmpeg-kit-macos-full: c292021070be5472e9c855bd59bd44fa75352c84
  ffmpeg_kit_flutter_full: 00b20a8422e77910bd7e828adfc22bd741b5126e
  FlutterMacOS: ae6af50a8ea7d6103d888583d46bd8328a7e9811
  path_provider_macos: 3c0c3b4b0d4a76d2bf989a913c2de869c5641a19
  shared_preferences_macos: a64dc611287ed6cbe28fd1297898db1336975727
  url_launcher_macos: 597e05b8e514239626bcf4a850fcf9ef5c856ec3
  window_size: 339dafa0b27a95a62a843042038fa6c3c48de195

PODFILE CHECKSUM: 1bec0f6edf7aa677fad049bacfcb1f2e5647954e

COCOAPODS: 1.11.3
